
Microsoft Visual Studio Solution File, Format Version 12.00
# Visual Studio Version 17
VisualStudioVersion = 17.6.33801.468
MinimumVisualStudioVersion = 10.0.40219.1
Project("{FAE04EC0-301F-11D3-BF4B-00C04F79EFBC}") = "HW_3_2", "HW_3_2\HW_3_2.csproj", "{485FA66A-DC50-4398-9A55-08E339DB42C3}"
EndProject
Global
	GlobalSection(SolutionConfigurationPlatforms) = preSolution
		Debug|Any CPU = Debug|Any CPU
		Release|Any CPU = Release|Any CPU
	EndGlobalSection
	GlobalSection(ProjectConfigurationPlatforms) = postSolution
		{485FA66A-DC50-4398-9A55-08E339DB42C3}.Debug|Any CPU.ActiveCfg = Debug|Any CPU
		{485FA66A-DC50-4398-9A55-08E339DB42C3}.Debug|Any CPU.Build.0 = Debug|Any CPU
		{485FA66A-DC50-4398-9A55-08E339DB42C3}.Release|Any CPU.ActiveCfg = Release|Any CPU
		{485FA66A-DC50-4398-9A55-08E339DB42C3}.Release|Any CPU.Build.0 = Release|Any CPU
	EndGlobalSection
	GlobalSection(SolutionProperties) = preSolution
		HideSolutionNode = FALSE
	EndGlobalSection
	GlobalSection(ExtensibilityGlobals) = postSolution
		SolutionGuid = {0A0D70E2-D07E-48DF-9E7D-C150CDF02940}
	EndGlobalSection
EndGlobal
