
Microsoft Visual Studio Solution File, Format Version 12.00
# Visual Studio Version 17
VisualStudioVersion = 17.6.33801.468
MinimumVisualStudioVersion = 10.0.40219.1
Project("{FAE04EC0-301F-11D3-BF4B-00C04F79EFBC}") = "HW_3_1", "HW_3_1\HW_3_1.csproj", "{05005FE0-7151-4D03-BAB2-F6F8DE075149}"
EndProject
Global
	GlobalSection(SolutionConfigurationPlatforms) = preSolution
		Debug|Any CPU = Debug|Any CPU
		Release|Any CPU = Release|Any CPU
	EndGlobalSection
	GlobalSection(ProjectConfigurationPlatforms) = postSolution
		{05005FE0-7151-4D03-BAB2-F6F8DE075149}.Debug|Any CPU.ActiveCfg = Debug|Any CPU
		{05005FE0-7151-4D03-BAB2-F6F8DE075149}.Debug|Any CPU.Build.0 = Debug|Any CPU
		{05005FE0-7151-4D03-BAB2-F6F8DE075149}.Release|Any CPU.ActiveCfg = Release|Any CPU
		{05005FE0-7151-4D03-BAB2-F6F8DE075149}.Release|Any CPU.Build.0 = Release|Any CPU
	EndGlobalSection
	GlobalSection(SolutionProperties) = preSolution
		HideSolutionNode = FALSE
	EndGlobalSection
	GlobalSection(ExtensibilityGlobals) = postSolution
		SolutionGuid = {14E60D71-036A-4C83-B35E-6208E5CE3688}
	EndGlobalSection
EndGlobal
