
Microsoft Visual Studio Solution File, Format Version 12.00
# Visual Studio Version 17
VisualStudioVersion = 17.6.33801.468
MinimumVisualStudioVersion = 10.0.40219.1
Project("{FAE04EC0-301F-11D3-BF4B-00C04F79EFBC}") = "HW_2_2", "HW_2_2\HW_2_2.csproj", "{CDB60680-B656-4A2A-9D1E-2FA8AACEC1B8}"
EndProject
Global
	GlobalSection(SolutionConfigurationPlatforms) = preSolution
		Debug|Any CPU = Debug|Any CPU
		Release|Any CPU = Release|Any CPU
	EndGlobalSection
	GlobalSection(ProjectConfigurationPlatforms) = postSolution
		{CDB60680-B656-4A2A-9D1E-2FA8AACEC1B8}.Debug|Any CPU.ActiveCfg = Debug|Any CPU
		{CDB60680-B656-4A2A-9D1E-2FA8AACEC1B8}.Debug|Any CPU.Build.0 = Debug|Any CPU
		{CDB60680-B656-4A2A-9D1E-2FA8AACEC1B8}.Release|Any CPU.ActiveCfg = Release|Any CPU
		{CDB60680-B656-4A2A-9D1E-2FA8AACEC1B8}.Release|Any CPU.Build.0 = Release|Any CPU
	EndGlobalSection
	GlobalSection(SolutionProperties) = preSolution
		HideSolutionNode = FALSE
	EndGlobalSection
	GlobalSection(ExtensibilityGlobals) = postSolution
		SolutionGuid = {3D350CBF-FED8-435E-908C-2C0167A4B395}
	EndGlobalSection
EndGlobal
