
Microsoft Visual Studio Solution File, Format Version 12.00
# Visual Studio Version 17
VisualStudioVersion = 17.6.33801.468
MinimumVisualStudioVersion = 10.0.40219.1
<<<<<<< HEAD
Project("{FAE04EC0-301F-11D3-BF4B-00C04F79EFBC}") = "HW_3_6", "HW_3_6\HW_3_6.csproj", "{36C89D48-31F5-4774-8345-007F1BE2DB9E}"
=======
Project("{FAE04EC0-301F-11D3-BF4B-00C04F79EFBC}") = "HW_3_6", "HW_3_6\HW_3_6.csproj", "{B57598DF-9CF4-4B06-9B34-69A7935C63A7}"
>>>>>>> 32458827b9392806da928206396dfc98e1ce1070
EndProject
Global
	GlobalSection(SolutionConfigurationPlatforms) = preSolution
		Debug|Any CPU = Debug|Any CPU
		Release|Any CPU = Release|Any CPU
	EndGlobalSection
	GlobalSection(ProjectConfigurationPlatforms) = postSolution
<<<<<<< HEAD
		{36C89D48-31F5-4774-8345-007F1BE2DB9E}.Debug|Any CPU.ActiveCfg = Debug|Any CPU
		{36C89D48-31F5-4774-8345-007F1BE2DB9E}.Debug|Any CPU.Build.0 = Debug|Any CPU
		{36C89D48-31F5-4774-8345-007F1BE2DB9E}.Release|Any CPU.ActiveCfg = Release|Any CPU
		{36C89D48-31F5-4774-8345-007F1BE2DB9E}.Release|Any CPU.Build.0 = Release|Any CPU
=======
		{B57598DF-9CF4-4B06-9B34-69A7935C63A7}.Debug|Any CPU.ActiveCfg = Debug|Any CPU
		{B57598DF-9CF4-4B06-9B34-69A7935C63A7}.Debug|Any CPU.Build.0 = Debug|Any CPU
		{B57598DF-9CF4-4B06-9B34-69A7935C63A7}.Release|Any CPU.ActiveCfg = Release|Any CPU
		{B57598DF-9CF4-4B06-9B34-69A7935C63A7}.Release|Any CPU.Build.0 = Release|Any CPU
>>>>>>> 32458827b9392806da928206396dfc98e1ce1070
	EndGlobalSection
	GlobalSection(SolutionProperties) = preSolution
		HideSolutionNode = FALSE
	EndGlobalSection
	GlobalSection(ExtensibilityGlobals) = postSolution
<<<<<<< HEAD
		SolutionGuid = {69A8F9F8-EECD-4549-8091-765B53D4EBBB}
=======
		SolutionGuid = {285E143B-91AE-4171-A5D1-4F30E3AC42FE}
>>>>>>> 32458827b9392806da928206396dfc98e1ce1070
	EndGlobalSection
EndGlobal
