
Microsoft Visual Studio Solution File, Format Version 12.00
# Visual Studio Version 17
VisualStudioVersion = 17.6.33801.468
MinimumVisualStudioVersion = 10.0.40219.1
Project("{FAE04EC0-301F-11D3-BF4B-00C04F79EFBC}") = "HW_2_3", "HW_2_3\HW_2_3.csproj", "{1BEAFE9D-2D22-46C4-BA64-5E08804496CC}"
EndProject
Global
	GlobalSection(SolutionConfigurationPlatforms) = preSolution
		Debug|Any CPU = Debug|Any CPU
		Release|Any CPU = Release|Any CPU
	EndGlobalSection
	GlobalSection(ProjectConfigurationPlatforms) = postSolution
		{1BEAFE9D-2D22-46C4-BA64-5E08804496CC}.Debug|Any CPU.ActiveCfg = Debug|Any CPU
		{1BEAFE9D-2D22-46C4-BA64-5E08804496CC}.Debug|Any CPU.Build.0 = Debug|Any CPU
		{1BEAFE9D-2D22-46C4-BA64-5E08804496CC}.Release|Any CPU.ActiveCfg = Release|Any CPU
		{1BEAFE9D-2D22-46C4-BA64-5E08804496CC}.Release|Any CPU.Build.0 = Release|Any CPU
	EndGlobalSection
	GlobalSection(SolutionProperties) = preSolution
		HideSolutionNode = FALSE
	EndGlobalSection
	GlobalSection(ExtensibilityGlobals) = postSolution
		SolutionGuid = {2C87C280-09AC-4EBE-B8F0-F225D28CDFA8}
	EndGlobalSection
EndGlobal
